// !$*UTF8*$!
{
	archiveVersion = 1;
	classes = {
	};
	objectVersion = 56;
	objects = {

/* Begin PBXBuildFile section */
		A10000000000000000000001 /* TarotDeckInternalApp.swift in Sources */ = {isa = PBXBuildFile; fileRef = B10000000000000000000001 /* TarotDeckInternalApp.swift */; };
		A10000000000000000000002 /* CeremonialBackdrop.swift in Sources */ = {isa = PBXBuildFile; fileRef = B10000000000000000000002 /* CeremonialBackdrop.swift */; };
		A10000000000000000000003 /* CeremonialButtons.swift in Sources */ = {isa = PBXBuildFile; fileRef = B10000000000000000000003 /* CeremonialButtons.swift */; };
		A10000000000000000000004 /* CeremonialCardViews.swift in Sources */ = {isa = PBXBuildFile; fileRef = B10000000000000000000004 /* CeremonialCardViews.swift */; };
		A10000000000000000000005 /* CeremonialObsidianTheme.swift in Sources */ = {isa = PBXBuildFile; fileRef = B10000000000000000000005 /* CeremonialObsidianTheme.swift */; };
		A10000000000000000000006 /* ReadFlowModel.swift in Sources */ = {isa = PBXBuildFile; fileRef = B10000000000000000000006 /* ReadFlowModel.swift */; };
		A10000000000000000000009 /* Assets.xcassets in Resources */ = {isa = PBXBuildFile; fileRef = B10000000000000000000009 /* Assets.xcassets */; };
		A1000000000000000000000A /* TarotDeckCore in Frameworks */ = {isa = PBXBuildFile; productRef = F10000000000000000000001 /* TarotDeckCore */; };
		A30000000000000000000001 /* ReadViews.swift in Sources */ = {isa = PBXBuildFile; fileRef = B30000000000000000000001 /* ReadViews.swift */; };
		A20000000000000000000001 /* TarotContent.swift in Sources */ = {isa = PBXBuildFile; fileRef = B20000000000000000000001 /* TarotContent.swift */; };
		A20000000000000000000002 /* TarotArtworkView.swift in Sources */ = {isa = PBXBuildFile; fileRef = B20000000000000000000002 /* TarotArtworkView.swift */; };
		A20000000000000000000003 /* TarotDeckMainShell.swift in Sources */ = {isa = PBXBuildFile; fileRef = B20000000000000000000003 /* TarotDeckMainShell.swift */; };
		A20000000000000000000004 /* LearnViews.swift in Sources */ = {isa = PBXBuildFile; fileRef = B20000000000000000000004 /* LearnViews.swift */; };
		A20000000000000000000005 /* CardsViews.swift in Sources */ = {isa = PBXBuildFile; fileRef = B20000000000000000000005 /* CardsViews.swift */; };
		A20000000000000000000006 /* tarot-deck.v1.json in Resources */ = {isa = PBXBuildFile; fileRef = B20000000000000000000006 /* tarot-deck.v1.json */; };
		A20000000000000000000007 /* card-meanings.v1.json in Resources */ = {isa = PBXBuildFile; fileRef = B20000000000000000000007 /* card-meanings.v1.json */; };
		A20000000000000000000008 /* beginner-guide.v1.json in Resources */ = {isa = PBXBuildFile; fileRef = B20000000000000000000008 /* beginner-guide.v1.json */; };
		A40000000000000000000001 /* SettingsView.swift in Sources */ = {isa = PBXBuildFile; fileRef = B40000000000000000000001 /* SettingsView.swift */; };
		A50000000000000000000001 /* AppLocalization.swift in Sources */ = {isa = PBXBuildFile; fileRef = B50000000000000000000001 /* AppLocalization.swift */; };
		A60000000000000000000001 /* CeremonialMotion.swift in Sources */ = {isa = PBXBuildFile; fileRef = B60000000000000000000001 /* CeremonialMotion.swift */; };
		A70000000000000000000001 /* FavoriteCardsStore.swift in Sources */ = {isa = PBXBuildFile; fileRef = B70000000000000000000001 /* FavoriteCardsStore.swift */; };
		A50000000000000000000002 /* Localizable.xcstrings in Resources */ = {isa = PBXBuildFile; fileRef = B50000000000000000000002 /* Localizable.xcstrings */; };
		A50000000000000000000003 /* card-copy.es.v1.json in Resources */ = {isa = PBXBuildFile; fileRef = B50000000000000000000003 /* card-copy.es.v1.json */; };
		A50000000000000000000004 /* card-meanings.es.v1.json in Resources */ = {isa = PBXBuildFile; fileRef = B50000000000000000000004 /* card-meanings.es.v1.json */; };
		A50000000000000000000005 /* beginner-guide.es.v1.json in Resources */ = {isa = PBXBuildFile; fileRef = B50000000000000000000005 /* beginner-guide.es.v1.json */; };
		A50000000000000000000006 /* required-interface-keys.v1.json in Resources */ = {isa = PBXBuildFile; fileRef = B50000000000000000000006 /* required-interface-keys.v1.json */; };
		A50000000000000000000007 /* PrivacyInfo.xcprivacy in Resources */ = {isa = PBXBuildFile; fileRef = B50000000000000000000007 /* PrivacyInfo.xcprivacy */; };
/* End PBXBuildFile section */

/* Begin PBXFileReference section */
		B10000000000000000000001 /* TarotDeckInternalApp.swift */ = {isa = PBXFileReference; lastKnownFileType = sourcecode.swift; path = TarotDeckInternalApp.swift; sourceTree = "<group>"; };
		B10000000000000000000002 /* CeremonialBackdrop.swift */ = {isa = PBXFileReference; lastKnownFileType = sourcecode.swift; path = CeremonialBackdrop.swift; sourceTree = "<group>"; };
		B10000000000000000000003 /* CeremonialButtons.swift */ = {isa = PBXFileReference; lastKnownFileType = sourcecode.swift; path = CeremonialButtons.swift; sourceTree = "<group>"; };
		B10000000000000000000004 /* CeremonialCardViews.swift */ = {isa = PBXFileReference; lastKnownFileType = sourcecode.swift; path = CeremonialCardViews.swift; sourceTree = "<group>"; };
		B10000000000000000000005 /* CeremonialObsidianTheme.swift */ = {isa = PBXFileReference; lastKnownFileType = sourcecode.swift; path = CeremonialObsidianTheme.swift; sourceTree = "<group>"; };
		B60000000000000000000001 /* CeremonialMotion.swift */ = {isa = PBXFileReference; lastKnownFileType = sourcecode.swift; path = CeremonialMotion.swift; sourceTree = "<group>"; };
		B10000000000000000000006 /* ReadFlowModel.swift */ = {isa = PBXFileReference; lastKnownFileType = sourcecode.swift; path = ReadFlowModel.swift; sourceTree = "<group>"; };
		B70000000000000000000001 /* FavoriteCardsStore.swift */ = {isa = PBXFileReference; lastKnownFileType = sourcecode.swift; path = FavoriteCardsStore.swift; sourceTree = "<group>"; };
		B10000000000000000000007 /* ReadingTableShuffledView.swift */ = {isa = PBXFileReference; lastKnownFileType = sourcecode.swift; path = ReadingTableShuffledView.swift; sourceTree = "<group>"; };
		B10000000000000000000008 /* ReadingTableFirstDrawnFaceDownView.swift */ = {isa = PBXFileReference; lastKnownFileType = sourcecode.swift; path = ReadingTableFirstDrawnFaceDownView.swift; sourceTree = "<group>"; };
		B10000000000000000000009 /* Assets.xcassets */ = {isa = PBXFileReference; lastKnownFileType = folder.assetcatalog; path = Assets.xcassets; sourceTree = "<group>"; };
		B1000000000000000000000A /* TarotDeckInternal.app */ = {isa = PBXFileReference; explicitFileType = wrapper.application; includeInIndex = 0; path = TarotDeckInternal.app; sourceTree = BUILT_PRODUCTS_DIR; };
		B1000000000000000000000B /* ReadingTableMixedTheMoonView.swift */ = {isa = PBXFileReference; lastKnownFileType = sourcecode.swift; path = ReadingTableMixedTheMoonView.swift; sourceTree = "<group>"; };
		B20000000000000000000001 /* TarotContent.swift */ = {isa = PBXFileReference; lastKnownFileType = sourcecode.swift; path = TarotContent.swift; sourceTree = "<group>"; };
		B20000000000000000000002 /* TarotArtworkView.swift */ = {isa = PBXFileReference; lastKnownFileType = sourcecode.swift; path = TarotArtworkView.swift; sourceTree = "<group>"; };
		B20000000000000000000003 /* TarotDeckMainShell.swift */ = {isa = PBXFileReference; lastKnownFileType = sourcecode.swift; path = TarotDeckMainShell.swift; sourceTree = "<group>"; };
		B20000000000000000000004 /* LearnViews.swift */ = {isa = PBXFileReference; lastKnownFileType = sourcecode.swift; path = LearnViews.swift; sourceTree = "<group>"; };
		B20000000000000000000005 /* CardsViews.swift */ = {isa = PBXFileReference; lastKnownFileType = sourcecode.swift; path = CardsViews.swift; sourceTree = "<group>"; };
		B20000000000000000000006 /* tarot-deck.v1.json */ = {isa = PBXFileReference; lastKnownFileType = text.json; path = tarot-deck.v1.json; sourceTree = "<group>"; };
		B20000000000000000000007 /* card-meanings.v1.json */ = {isa = PBXFileReference; lastKnownFileType = text.json; path = card-meanings.v1.json; sourceTree = "<group>"; };
		B20000000000000000000008 /* beginner-guide.v1.json */ = {isa = PBXFileReference; lastKnownFileType = text.json; path = beginner-guide.v1.json; sourceTree = "<group>"; };
		B30000000000000000000001 /* ReadViews.swift */ = {isa = PBXFileReference; lastKnownFileType = sourcecode.swift; path = ReadViews.swift; sourceTree = "<group>"; };
		B40000000000000000000001 /* SettingsView.swift */ = {isa = PBXFileReference; lastKnownFileType = sourcecode.swift; path = SettingsView.swift; sourceTree = "<group>"; };
		B50000000000000000000001 /* AppLocalization.swift */ = {isa = PBXFileReference; lastKnownFileType = sourcecode.swift; path = AppLocalization.swift; sourceTree = "<group>"; };
		B50000000000000000000002 /* Localizable.xcstrings */ = {isa = PBXFileReference; lastKnownFileType = text.json.xcstrings; path = Localizable.xcstrings; sourceTree = "<group>"; };
		B50000000000000000000003 /* card-copy.es.v1.json */ = {isa = PBXFileReference; lastKnownFileType = text.json; path = card-copy.es.v1.json; sourceTree = "<group>"; };
		B50000000000000000000004 /* card-meanings.es.v1.json */ = {isa = PBXFileReference; lastKnownFileType = text.json; path = card-meanings.es.v1.json; sourceTree = "<group>"; };
		B50000000000000000000005 /* beginner-guide.es.v1.json */ = {isa = PBXFileReference; lastKnownFileType = text.json; path = beginner-guide.es.v1.json; sourceTree = "<group>"; };
		B50000000000000000000006 /* required-interface-keys.v1.json */ = {isa = PBXFileReference; lastKnownFileType = text.json; path = required-interface-keys.v1.json; sourceTree = "<group>"; };
		B50000000000000000000007 /* PrivacyInfo.xcprivacy */ = {isa = PBXFileReference; lastKnownFileType = text.xml; path = PrivacyInfo.xcprivacy; sourceTree = "<group>"; };
/* End PBXFileReference section */

/* Begin PBXFrameworksBuildPhase section */
		C10000000000000000000001 /* Frameworks */ = {
			isa = PBXFrameworksBuildPhase;
			buildActionMask = 2147483647;
			files = (
				A1000000000000000000000A /* TarotDeckCore in Frameworks */,
			);
			runOnlyForDeploymentPostprocessing = 0;
		};
/* End PBXFrameworksBuildPhase section */

/* Begin PBXGroup section */
		D10000000000000000000001 = {
			isa = PBXGroup;
			children = (
				D10000000000000000000002 /* TarotDeckApp */,
				D20000000000000000000005 /* Content Resources */,
				D1000000000000000000000A /* Products */,
			);
			sourceTree = "<group>";
		};
		D10000000000000000000002 /* TarotDeckApp */ = {
			isa = PBXGroup;
			children = (
				D10000000000000000000003 /* App */,
				D10000000000000000000004 /* Components */,
				D20000000000000000000001 /* Content */,
				D10000000000000000000005 /* Design */,
				D10000000000000000000006 /* Internal */,
				D10000000000000000000007 /* Screens */,
				D10000000000000000000009 /* Resources */,
			);
			path = TarotDeckApp;
			sourceTree = "<group>";
		};
		D10000000000000000000003 /* App */ = {
			isa = PBXGroup;
			children = (
				B10000000000000000000001 /* TarotDeckInternalApp.swift */,
				B20000000000000000000003 /* TarotDeckMainShell.swift */,
			);
			path = App;
			sourceTree = "<group>";
		};
		D10000000000000000000004 /* Components */ = {
			isa = PBXGroup;
			children = (
				B10000000000000000000002 /* CeremonialBackdrop.swift */,
				B10000000000000000000003 /* CeremonialButtons.swift */,
				B10000000000000000000004 /* CeremonialCardViews.swift */,
				B20000000000000000000002 /* TarotArtworkView.swift */,
			);
			path = Components;
			sourceTree = "<group>";
		};
		D10000000000000000000005 /* Design */ = {
			isa = PBXGroup;
			children = (
				B10000000000000000000005 /* CeremonialObsidianTheme.swift */,
				B60000000000000000000001 /* CeremonialMotion.swift */,
			);
			path = Design;
			sourceTree = "<group>";
		};
		D10000000000000000000006 /* Internal */ = {
			isa = PBXGroup;
			children = (
				B10000000000000000000006 /* ReadFlowModel.swift */,
				B70000000000000000000001 /* FavoriteCardsStore.swift */,
			);
			path = Internal;
			sourceTree = "<group>";
		};
		D10000000000000000000007 /* Screens */ = {
			isa = PBXGroup;
			children = (
				D10000000000000000000008 /* S03_2 */,
				D1000000000000000000000B /* S03_3 */,
				D1000000000000000000000C /* S03_4 */,
				D30000000000000000000001 /* Read */,
				D20000000000000000000002 /* Learn */,
				D20000000000000000000003 /* Cards */,
				D40000000000000000000001 /* Settings */,
			);
			path = Screens;
			sourceTree = "<group>";
		};
		D10000000000000000000008 /* S03_2 */ = {
			isa = PBXGroup;
			children = (
				B10000000000000000000007 /* ReadingTableShuffledView.swift */,
			);
			path = S03_2;
			sourceTree = "<group>";
		};
		D1000000000000000000000B /* S03_3 */ = {
			isa = PBXGroup;
			children = (
				B10000000000000000000008 /* ReadingTableFirstDrawnFaceDownView.swift */,
			);
			path = S03_3;
			sourceTree = "<group>";
		};
		D1000000000000000000000C /* S03_4 */ = {
			isa = PBXGroup;
			children = (
				B1000000000000000000000B /* ReadingTableMixedTheMoonView.swift */,
			);
			path = S03_4;
			sourceTree = "<group>";
		};
		D20000000000000000000001 /* Content */ = {
			isa = PBXGroup;
			children = (
				B20000000000000000000001 /* TarotContent.swift */,
				B50000000000000000000001 /* AppLocalization.swift */,
			);
			path = Content;
			sourceTree = "<group>";
		};
		D20000000000000000000002 /* Learn */ = {
			isa = PBXGroup;
			children = (
				B20000000000000000000004 /* LearnViews.swift */,
			);
			path = Learn;
			sourceTree = "<group>";
		};
		D20000000000000000000003 /* Cards */ = {
			isa = PBXGroup;
			children = (
				B20000000000000000000005 /* CardsViews.swift */,
			);
			path = Cards;
			sourceTree = "<group>";
		};
		D20000000000000000000004 /* Education */ = {
			isa = PBXGroup;
			children = (
				B20000000000000000000007 /* card-meanings.v1.json */,
				B20000000000000000000008 /* beginner-guide.v1.json */,
			);
			path = Education;
			sourceTree = "<group>";
		};
		D30000000000000000000001 /* Read */ = {
			isa = PBXGroup;
			children = (
				B30000000000000000000001 /* ReadViews.swift */,
			);
			path = Read;
			sourceTree = "<group>";
		};
		D40000000000000000000001 /* Settings */ = {
			isa = PBXGroup;
			children = (
				B40000000000000000000001 /* SettingsView.swift */,
			);
			path = Settings;
			sourceTree = "<group>";
		};
		D20000000000000000000005 /* Content Resources */ = {
			isa = PBXGroup;
			children = (
				B20000000000000000000006 /* tarot-deck.v1.json */,
				D20000000000000000000004 /* Education */,
				D50000000000000000000001 /* Localization */,
			);
			name = "Content Resources";
			path = Content;
			sourceTree = "<group>";
		};
		D10000000000000000000009 /* Resources */ = {
			isa = PBXGroup;
			children = (
				B10000000000000000000009 /* Assets.xcassets */,
				B50000000000000000000002 /* Localizable.xcstrings */,
				B50000000000000000000006 /* required-interface-keys.v1.json */,
				B50000000000000000000007 /* PrivacyInfo.xcprivacy */,
			);
			path = Resources;
			sourceTree = "<group>";
		};
		D50000000000000000000001 /* Localization */ = {
			isa = PBXGroup;
			children = (
				B50000000000000000000003 /* card-copy.es.v1.json */,
				B50000000000000000000004 /* card-meanings.es.v1.json */,
				B50000000000000000000005 /* beginner-guide.es.v1.json */,
			);
			path = Localization;
			sourceTree = "<group>";
		};
		D1000000000000000000000A /* Products */ = {
			isa = PBXGroup;
			children = (
				B1000000000000000000000A /* TarotDeckInternal.app */,
			);
			name = Products;
			sourceTree = "<group>";
		};
/* End PBXGroup section */

/* Begin PBXNativeTarget section */
		E10000000000000000000001 /* TarotDeckInternal */ = {
			isa = PBXNativeTarget;
			buildConfigurationList = E10000000000000000000002 /* Build configuration list for PBXNativeTarget "TarotDeckInternal" */;
			buildPhases = (
				E10000000000000000000003 /* Sources */,
				C10000000000000000000001 /* Frameworks */,
				E10000000000000000000004 /* Resources */,
			);
			buildRules = (
			);
			dependencies = (
			);
			name = TarotDeckInternal;
			packageProductDependencies = (
				F10000000000000000000001 /* TarotDeckCore */,
			);
			productName = TarotDeckInternal;
			productReference = B1000000000000000000000A /* TarotDeckInternal.app */;
			productType = "com.apple.product-type.application";
		};
/* End PBXNativeTarget section */

/* Begin PBXProject section */
		E10000000000000000000005 /* Project object */ = {
			isa = PBXProject;
			attributes = {
				BuildIndependentTargetsInParallel = 1;
				LastSwiftUpdateCheck = 1500;
				LastUpgradeCheck = 1500;
				TargetAttributes = {
					E10000000000000000000001 = {
						CreatedOnToolsVersion = 15.0;
					};
				};
			};
			buildConfigurationList = E10000000000000000000006 /* Build configuration list for PBXProject "TarotDeck" */;
			compatibilityVersion = "Xcode 14.0";
			developmentRegion = en;
			hasScannedForEncodings = 0;
			knownRegions = (
				en,
				es,
				Base,
			);
			mainGroup = D10000000000000000000001;
			packageReferences = (
				F10000000000000000000002 /* XCLocalSwiftPackageReference "." */,
			);
			productRefGroup = D1000000000000000000000A /* Products */;
			projectDirPath = "";
			projectRoot = "";
			targets = (
				E10000000000000000000001 /* TarotDeckInternal */,
			);
		};
/* End PBXProject section */

/* Begin PBXResourcesBuildPhase section */
		E10000000000000000000004 /* Resources */ = {
			isa = PBXResourcesBuildPhase;
			buildActionMask = 2147483647;
			files = (
				A10000000000000000000009 /* Assets.xcassets in Resources */,
				A50000000000000000000002 /* Localizable.xcstrings in Resources */,
				A20000000000000000000006 /* tarot-deck.v1.json in Resources */,
				A20000000000000000000007 /* card-meanings.v1.json in Resources */,
				A20000000000000000000008 /* beginner-guide.v1.json in Resources */,
				A50000000000000000000003 /* card-copy.es.v1.json in Resources */,
				A50000000000000000000004 /* card-meanings.es.v1.json in Resources */,
				A50000000000000000000005 /* beginner-guide.es.v1.json in Resources */,
				A50000000000000000000006 /* required-interface-keys.v1.json in Resources */,
				A50000000000000000000007 /* PrivacyInfo.xcprivacy in Resources */,
			);
			runOnlyForDeploymentPostprocessing = 0;
		};
/* End PBXResourcesBuildPhase section */

/* Begin PBXSourcesBuildPhase section */
		E10000000000000000000003 /* Sources */ = {
			isa = PBXSourcesBuildPhase;
			buildActionMask = 2147483647;
			files = (
				A10000000000000000000001 /* TarotDeckInternalApp.swift in Sources */,
				A10000000000000000000002 /* CeremonialBackdrop.swift in Sources */,
				A10000000000000000000003 /* CeremonialButtons.swift in Sources */,
				A10000000000000000000004 /* CeremonialCardViews.swift in Sources */,
				A10000000000000000000005 /* CeremonialObsidianTheme.swift in Sources */,
				A10000000000000000000006 /* ReadFlowModel.swift in Sources */,
				A30000000000000000000001 /* ReadViews.swift in Sources */,
				A20000000000000000000001 /* TarotContent.swift in Sources */,
				A20000000000000000000002 /* TarotArtworkView.swift in Sources */,
				A20000000000000000000003 /* TarotDeckMainShell.swift in Sources */,
				A20000000000000000000004 /* LearnViews.swift in Sources */,
				A20000000000000000000005 /* CardsViews.swift in Sources */,
				A40000000000000000000001 /* SettingsView.swift in Sources */,
				A50000000000000000000001 /* AppLocalization.swift in Sources */,
				A60000000000000000000001 /* CeremonialMotion.swift in Sources */,
				A70000000000000000000001 /* FavoriteCardsStore.swift in Sources */,
			);
			runOnlyForDeploymentPostprocessing = 0;
		};
/* End PBXSourcesBuildPhase section */

/* Begin XCBuildConfiguration section */
		E10000000000000000000007 /* Debug */ = {
			isa = XCBuildConfiguration;
			buildSettings = {
				ALWAYS_SEARCH_USER_PATHS = NO;
				CLANG_ENABLE_MODULES = YES;
				CLANG_ENABLE_OBJC_ARC = YES;
				COPY_PHASE_STRIP = NO;
				DEBUG_INFORMATION_FORMAT = dwarf;
				ENABLE_TESTABILITY = YES;
				GCC_C_LANGUAGE_STANDARD = gnu17;
				GCC_NO_COMMON_BLOCKS = YES;
				GCC_OPTIMIZATION_LEVEL = 0;
				GCC_PREPROCESSOR_DEFINITIONS = (
					"DEBUG=1",
					"$(inherited)",
				);
				MTL_ENABLE_DEBUG_INFO = INCLUDE_SOURCE;
				ONLY_ACTIVE_ARCH = YES;
				SWIFT_ACTIVE_COMPILATION_CONDITIONS = "DEBUG $(inherited)";
				SWIFT_OPTIMIZATION_LEVEL = "-Onone";
			};
			name = Debug;
		};
		E10000000000000000000008 /* Release */ = {
			isa = XCBuildConfiguration;
			buildSettings = {
				ALWAYS_SEARCH_USER_PATHS = NO;
				CLANG_ENABLE_MODULES = YES;
				CLANG_ENABLE_OBJC_ARC = YES;
				COPY_PHASE_STRIP = YES;
				DEBUG_INFORMATION_FORMAT = "dwarf-with-dsym";
				ENABLE_NS_ASSERTIONS = NO;
				GCC_C_LANGUAGE_STANDARD = gnu17;
				GCC_NO_COMMON_BLOCKS = YES;
				MTL_ENABLE_DEBUG_INFO = NO;
				SWIFT_COMPILATION_MODE = wholemodule;
				SWIFT_OPTIMIZATION_LEVEL = "-O";
				VALIDATE_PRODUCT = YES;
			};
			name = Release;
		};
		E10000000000000000000009 /* Debug */ = {
			isa = XCBuildConfiguration;
			buildSettings = {
				ASSETCATALOG_COMPILER_APPICON_NAME = AppIcon;
				ASSETCATALOG_COMPILER_GENERATE_SWIFT_ASSET_SYMBOL_EXTENSIONS = YES;
				CODE_SIGNING_ALLOWED = NO;
				CODE_SIGNING_REQUIRED = NO;
				CODE_SIGN_STYLE = Automatic;
				CURRENT_PROJECT_VERSION = 1;
				DEVELOPMENT_LANGUAGE = en;
				GENERATE_INFOPLIST_FILE = YES;
				INFOPLIST_KEY_CFBundleDisplayName = "Tarot Deck Internal";
				INFOPLIST_KEY_ITSAppUsesNonExemptEncryption = NO;
				INFOPLIST_KEY_LSApplicationCategoryType = "public.app-category.lifestyle";
				INFOPLIST_KEY_UIApplicationSupportsIndirectInputEvents = YES;
				INFOPLIST_KEY_UILaunchScreen_Generation = YES;
				INFOPLIST_KEY_UIRequiresFullScreen = YES;
				INFOPLIST_KEY_UISupportedInterfaceOrientations_iPhone = "UIInterfaceOrientationPortrait UIInterfaceOrientationLandscapeLeft UIInterfaceOrientationLandscapeRight";
				IPHONEOS_DEPLOYMENT_TARGET = 16.0;
				MARKETING_VERSION = 0.4.2;
				PRODUCT_BUNDLE_IDENTIFIER = com.krazel.tarotdeck.internal.provisional;
				PRODUCT_NAME = "$(TARGET_NAME)";
				SDKROOT = iphoneos;
				SUPPORTED_PLATFORMS = "iphoneos iphonesimulator";
				SUPPORTS_MACCATALYST = NO;
				SWIFT_EMIT_LOC_STRINGS = YES;
				SWIFT_VERSION = 5.0;
				TARGETED_DEVICE_FAMILY = 1;
			};
			name = Debug;
		};
		E1000000000000000000000A /* Release */ = {
			isa = XCBuildConfiguration;
			buildSettings = {
				ASSETCATALOG_COMPILER_APPICON_NAME = AppIcon;
				ASSETCATALOG_COMPILER_GENERATE_SWIFT_ASSET_SYMBOL_EXTENSIONS = YES;
				CODE_SIGN_STYLE = Automatic;
				CURRENT_PROJECT_VERSION = 1;
				DEVELOPMENT_LANGUAGE = en;
				GENERATE_INFOPLIST_FILE = YES;
				INFOPLIST_KEY_CFBundleDisplayName = "Tarot Deck";
				INFOPLIST_KEY_ITSAppUsesNonExemptEncryption = NO;
				INFOPLIST_KEY_LSApplicationCategoryType = "public.app-category.lifestyle";
				INFOPLIST_KEY_UIApplicationSupportsIndirectInputEvents = YES;
				INFOPLIST_KEY_UILaunchScreen_Generation = YES;
				INFOPLIST_KEY_UIRequiresFullScreen = YES;
				INFOPLIST_KEY_UISupportedInterfaceOrientations_iPhone = "UIInterfaceOrientationPortrait UIInterfaceOrientationLandscapeLeft UIInterfaceOrientationLandscapeRight";
				IPHONEOS_DEPLOYMENT_TARGET = 16.0;
				MARKETING_VERSION = 0.4.2;
				PRODUCT_BUNDLE_IDENTIFIER = com.krazel.tarotdeck;
				PRODUCT_NAME = "$(TARGET_NAME)";
				SDKROOT = iphoneos;
				SUPPORTED_PLATFORMS = "iphoneos iphonesimulator";
				SUPPORTS_MACCATALYST = NO;
				SWIFT_EMIT_LOC_STRINGS = YES;
				SWIFT_VERSION = 5.0;
				TARGETED_DEVICE_FAMILY = 1;
			};
			name = Release;
		};
/* End XCBuildConfiguration section */

/* Begin XCConfigurationList section */
		E10000000000000000000002 /* Build configuration list for PBXNativeTarget "TarotDeckInternal" */ = {
			isa = XCConfigurationList;
			buildConfigurations = (
				E10000000000000000000009 /* Debug */,
				E1000000000000000000000A /* Release */,
			);
			defaultConfigurationIsVisible = 0;
			defaultConfigurationName = Debug;
		};
		E10000000000000000000006 /* Build configuration list for PBXProject "TarotDeck" */ = {
			isa = XCConfigurationList;
			buildConfigurations = (
				E10000000000000000000007 /* Debug */,
				E10000000000000000000008 /* Release */,
			);
			defaultConfigurationIsVisible = 0;
			defaultConfigurationName = Debug;
		};
/* End XCConfigurationList section */

/* Begin XCLocalSwiftPackageReference section */
		F10000000000000000000002 /* XCLocalSwiftPackageReference "." */ = {
			isa = XCLocalSwiftPackageReference;
			relativePath = .;
		};
/* End XCLocalSwiftPackageReference section */

/* Begin XCSwiftPackageProductDependency section */
		F10000000000000000000001 /* TarotDeckCore */ = {
			isa = XCSwiftPackageProductDependency;
			package = F10000000000000000000002 /* XCLocalSwiftPackageReference "." */;
			productName = TarotDeckCore;
		};
/* End XCSwiftPackageProductDependency section */
	};
	rootObject = E10000000000000000000005 /* Project object */;
}
